// !$*UTF8*$!
{
	archiveVersion = 1;
	classes = {
	};
	objectVersion = 50;
	objects = {

/* Begin PBXBuildFile section */
		D639A3202234F65100EBB1E6 /* AppDelegate.swift in Sources */ = {isa = PBXBuildFile; fileRef = D639A31F2234F65100EBB1E6 /* AppDelegate.swift */; };
		D639A3222234F65100EBB1E6 /* ViewController.swift in Sources */ = {isa = PBXBuildFile; fileRef = D639A3212234F65100EBB1E6 /* ViewController.swift */; };
		D639A3252234F65100EBB1E6 /* Main.storyboard in Resources */ = {isa = PBXBuildFile; fileRef = D639A3232234F65100EBB1E6 /* Main.storyboard */; };
		D639A3272234F65300EBB1E6 /* Assets.xcassets in Resources */ = {isa = PBXBuildFile; fileRef = D639A3262234F65300EBB1E6 /* Assets.xcassets */; };
		D639A32A2234F65300EBB1E6 /* LaunchScreen.storyboard in Resources */ = {isa = PBXBuildFile; fileRef = D639A3282234F65300EBB1E6 /* LaunchScreen.storyboard */; };
		D639A3352234F65300EBB1E6 /* Project8Tests.swift in Sources */ = {isa = PBXBuildFile; fileRef = D639A3342234F65300EBB1E6 /* Project8Tests.swift */; };
		D639A34122350E7E00EBB1E6 /* level2.txt in Resources */ = {isa = PBXBuildFile; fileRef = D639A33F22350E7E00EBB1E6 /* level2.txt */; };
		D639A34222350E7E00EBB1E6 /* level1.txt in Resources */ = {isa = PBXBuildFile; fileRef = D639A34022350E7E00EBB1E6 /* level1.txt */; };
/* End PBXBuildFile section */

/* Begin PBXContainerItemProxy section */
		D639A3312234F65300EBB1E6 /* PBXContainerItemProxy */ = {
			isa = PBXContainerItemProxy;
			containerPortal = D639A3142234F65100EBB1E6 /* Project object */;
			proxyType = 1;
			remoteGlobalIDString = D639A31B2234F65100EBB1E6;
			remoteInfo = Project8;
		};
/* End PBXContainerItemProxy section */

/* Begin PBXFileReference section */
		D639A31C2234F65100EBB1E6 /* Project8.app */ = {isa = PBXFileReference; explicitFileType = wrapper.application; includeInIndex = 0; path = Project8.app; sourceTree = BUILT_PRODUCTS_DIR; };
		D639A31F2234F65100EBB1E6 /* AppDelegate.swift */ = {isa = PBXFileReference; lastKnownFileType = sourcecode.swift; path = AppDelegate.swift; sourceTree = "<group>"; };
		D639A3212234F65100EBB1E6 /* ViewController.swift */ = {isa = PBXFileReference; lastKnownFileType = sourcecode.swift; path = ViewController.swift; sourceTree = "<group>"; };
		D639A3242234F65100EBB1E6 /* Base */ = {isa = PBXFileReference; lastKnownFileType = file.storyboard; name = Base; path = Base.lproj/Main.storyboard; sourceTree = "<group>"; };
		D639A3262234F65300EBB1E6 /* Assets.xcassets */ = {isa = PBXFileReference; lastKnownFileType = folder.assetcatalog; path = Assets.xcassets; sourceTree = "<group>"; };
		D639A3292234F65300EBB1E6 /* Base */ = {isa = PBXFileReference; lastKnownFileType = file.storyboard; name = Base; path = Base.lproj/LaunchScreen.storyboard; sourceTree = "<group>"; };
		D639A32B2234F65300EBB1E6 /* Info.plist */ = {isa = PBXFileReference; lastKnownFileType = text.plist.xml; path = Info.plist; sourceTree = "<group>"; };
		D639A3302234F65300EBB1E6 /* Project8Tests.xctest */ = {isa = PBXFileReference; explicitFileType = wrapper.cfbundle; includeInIndex = 0; path = Project8Tests.xctest; sourceTree = BUILT_PRODUCTS_DIR; };
		D639A3342234F65300EBB1E6 /* Project8Tests.swift */ = {isa = PBXFileReference; lastKnownFileType = sourcecode.swift; path = Project8Tests.swift; sourceTree = "<group>"; };
		D639A3362234F65300EBB1E6 /* Info.plist */ = {isa = PBXFileReference; lastKnownFileType = text.plist.xml; path = Info.plist; sourceTree = "<group>"; };
		D639A33F22350E7E00EBB1E6 /* level2.txt */ = {isa = PBXFileReference; fileEncoding = 4; lastKnownFileType = text; path = level2.txt; sourceTree = "<group>"; };
		D639A34022350E7E00EBB1E6 /* level1.txt */ = {isa = PBXFileReference; fileEncoding = 4; lastKnownFileType = text; path = level1.txt; sourceTree = "<group>"; };
/* End PBXFileReference section */

/* Begin PBXFrameworksBuildPhase section */
		D639A3192234F65100EBB1E6 /* Frameworks */ = {
			isa = PBXFrameworksBuildPhase;
			buildActionMask = 2147483647;
			files = (
			);
			runOnlyForDeploymentPostprocessing = 0;
		};
		D639A32D2234F65300EBB1E6 /* Frameworks */ = {
			isa = PBXFrameworksBuildPhase;
			buildActionMask = 2147483647;
			files = (
			);
			runOnlyForDeploymentPostprocessing = 0;
		};
/* End PBXFrameworksBuildPhase section */

/* Begin PBXGroup section */
		D639A3132234F65000EBB1E6 = {
			isa = PBXGroup;
			children = (
				D639A31E2234F65100EBB1E6 /* Project8 */,
				D639A34022350E7E00EBB1E6 /* level1.txt */,
				D639A33F22350E7E00EBB1E6 /* level2.txt */,
				D639A3332234F65300EBB1E6 /* Project8Tests */,
				D639A31D2234F65100EBB1E6 /* Products */,
			);
			sourceTree = "<group>";
		};
		D639A31D2234F65100EBB1E6 /* Products */ = {
			isa = PBXGroup;
			children = (
				D639A31C2234F65100EBB1E6 /* Project8.app */,
				D639A3302234F65300EBB1E6 /* Project8Tests.xctest */,
			);
			name = Products;
			sourceTree = "<group>";
		};
		D639A31E2234F65100EBB1E6 /* Project8 */ = {
			isa = PBXGroup;
			children = (
				D639A31F2234F65100EBB1E6 /* AppDelegate.swift */,
				D639A3212234F65100EBB1E6 /* ViewController.swift */,
				D639A3232234F65100EBB1E6 /* Main.storyboard */,
				D639A3262234F65300EBB1E6 /* Assets.xcassets */,
				D639A3282234F65300EBB1E6 /* LaunchScreen.storyboard */,
				D639A32B2234F65300EBB1E6 /* Info.plist */,
			);
			path = Project8;
			sourceTree = "<group>";
		};
		D639A3332234F65300EBB1E6 /* Project8Tests */ = {
			isa = PBXGroup;
			children = (
				D639A3342234F65300EBB1E6 /* Project8Tests.swift */,
				D639A3362234F65300EBB1E6 /* Info.plist */,
			);
			path = Project8Tests;
			sourceTree = "<group>";
		};
/* End PBXGroup section */

/* Begin PBXNativeTarget section */
		D639A31B2234F65100EBB1E6 /* Project8 */ = {
			isa = PBXNativeTarget;
			buildConfigurationList = D639A3392234F65300EBB1E6 /* Build configuration list for PBXNativeTarget "Project8" */;
			buildPhases = (
				D639A3182234F65100EBB1E6 /* Sources */,
				D639A3192234F65100EBB1E6 /* Frameworks */,
				D639A31A2234F65100EBB1E6 /* Resources */,
			);
			buildRules = (
			);
			dependencies = (
			);
			name = Project8;
			productName = Project8;
			productReference = D639A31C2234F65100EBB1E6 /* Project8.app */;
			productType = "com.apple.product-type.application";
		};
		D639A32F2234F65300EBB1E6 /* Project8Tests */ = {
			isa = PBXNativeTarget;
			buildConfigurationList = D639A33C2234F65300EBB1E6 /* Build configuration list for PBXNativeTarget "Project8Tests" */;
			buildPhases = (
				D639A32C2234F65300EBB1E6 /* Sources */,
				D639A32D2234F65300EBB1E6 /* Frameworks */,
				D639A32E2234F65300EBB1E6 /* Resources */,
			);
			buildRules = (
			);
			dependencies = (
				D639A3322234F65300EBB1E6 /* PBXTargetDependency */,
			);
			name = Project8Tests;
			productName = Project8Tests;
			productReference = D639A3302234F65300EBB1E6 /* Project8Tests.xctest */;
			productType = "com.apple.product-type.bundle.unit-test";
		};
/* End PBXNativeTarget section */

/* Begin PBXProject section */
		D639A3142234F65100EBB1E6 /* Project object */ = {
			isa = PBXProject;
			attributes = {
				LastSwiftUpdateCheck = 1000;
				LastUpgradeCheck = 1000;
				ORGANIZATIONNAME = "Ünal Öztürk";
				TargetAttributes = {
					D639A31B2234F65100EBB1E6 = {
						CreatedOnToolsVersion = 10.0;
					};
					D639A32F2234F65300EBB1E6 = {
						CreatedOnToolsVersion = 10.0;
						TestTargetID = D639A31B2234F65100EBB1E6;
					};
				};
			};
			buildConfigurationList = D639A3172234F65100EBB1E6 /* Build configuration list for PBXProject "Project8" */;
			compatibilityVersion = "Xcode 9.3";
			developmentRegion = en;
			hasScannedForEncodings = 0;
			knownRegions = (
				en,
				Base,
			);
			mainGroup = D639A3132234F65000EBB1E6;
			productRefGroup = D639A31D2234F65100EBB1E6 /* Products */;
			projectDirPath = "";
			projectRoot = "";
			targets = (
				D639A31B2234F65100EBB1E6 /* Project8 */,
				D639A32F2234F65300EBB1E6 /* Project8Tests */,
			);
		};
/* End PBXProject section */

/* Begin PBXResourcesBuildPhase section */
		D639A31A2234F65100EBB1E6 /* Resources */ = {
			isa = PBXResourcesBuildPhase;
			buildActionMask = 2147483647;
			files = (
				D639A34222350E7E00EBB1E6 /* level1.txt in Resources */,
				D639A32A2234F65300EBB1E6 /* LaunchScreen.storyboard in Resources */,
				D639A3272234F65300EBB1E6 /* Assets.xcassets in Resources */,
				D639A34122350E7E00EBB1E6 /* level2.txt in Resources */,
				D639A3252234F65100EBB1E6 /* Main.storyboard in Resources */,
			);
			runOnlyForDeploymentPostprocessing = 0;
		};
		D639A32E2234F65300EBB1E6 /* Resources */ = {
			isa = PBXResourcesBuildPhase;
			buildActionMask = 2147483647;
			files = (
			);
			runOnlyForDeploymentPostprocessing = 0;
		};
/* End PBXResourcesBuildPhase section */

/* Begin PBXSourcesBuildPhase section */
		D639A3182234F65100EBB1E6 /* Sources */ = {
			isa = PBXSourcesBuildPhase;
			buildActionMask = 2147483647;
			files = (
				D639A3222234F65100EBB1E6 /* ViewController.swift in Sources */,
				D639A3202234F65100EBB1E6 /* AppDelegate.swift in Sources */,
			);
			runOnlyForDeploymentPostprocessing = 0;
		};
		D639A32C2234F65300EBB1E6 /* Sources */ = {
			isa = PBXSourcesBuildPhase;
			buildActionMask = 2147483647;
			files = (
				D639A3352234F65300EBB1E6 /* Project8Tests.swift in Sources */,
			);
			runOnlyForDeploymentPostprocessing = 0;
		};
/* End PBXSourcesBuildPhase section */

/* Begin PBXTargetDependency section */
		D639A3322234F65300EBB1E6 /* PBXTargetDependency */ = {
			isa = PBXTargetDependency;
			target = D639A31B2234F65100EBB1E6 /* Project8 */;
			targetProxy = D639A3312234F65300EBB1E6 /* PBXContainerItemProxy */;
		};
/* End PBXTargetDependency section */

/* Begin PBXVariantGroup section */
		D639A3232234F65100EBB1E6 /* Main.storyboard */ = {
			isa = PBXVariantGroup;
			children = (
				D639A3242234F65100EBB1E6 /* Base */,
			);
			name = Main.storyboard;
			sourceTree = "<group>";
		};
		D639A3282234F65300EBB1E6 /* LaunchScreen.storyboard */ = {
			isa = PBXVariantGroup;
			children = (
				D639A3292234F65300EBB1E6 /* Base */,
			);
			name = LaunchScreen.storyboard;
			sourceTree = "<group>";
		};
/* End PBXVariantGroup section */

/* Begin XCBuildConfiguration section */
		D639A3372234F65300EBB1E6 /* Debug */ = {
			isa = XCBuildConfiguration;
			buildSettings = {
				ALWAYS_SEARCH_USER_PATHS = NO;
				CLANG_ANALYZER_NONNULL = YES;
				CLANG_ANALYZER_NUMBER_OBJECT_CONVERSION = YES_AGGRESSIVE;
				CLANG_CXX_LANGUAGE_STANDARD = "gnu++14";
				CLANG_CXX_LIBRARY = "libc++";
				CLANG_ENABLE_MODULES = YES;
				CLANG_ENABLE_OBJC_ARC = YES;
				CLANG_ENABLE_OBJC_WEAK = YES;
				CLANG_WARN_BLOCK_CAPTURE_AUTORELEASING = YES;
				CLANG_WARN_BOOL_CONVERSION = YES;
				CLANG_WARN_COMMA = YES;
				CLANG_WARN_CONSTANT_CONVERSION = YES;
				CLANG_WARN_DEPRECATED_OBJC_IMPLEMENTATIONS = YES;
				CLANG_WARN_DIRECT_OBJC_ISA_USAGE = YES_ERROR;
				CLANG_WARN_DOCUMENTATION_COMMENTS = YES;
				CLANG_WARN_EMPTY_BODY = YES;
				CLANG_WARN_ENUM_CONVERSION = YES;
				CLANG_WARN_INFINITE_RECURSION = YES;
				CLANG_WARN_INT_CONVERSION = YES;
				CLANG_WARN_NON_LITERAL_NULL_CONVERSION = YES;
				CLANG_WARN_OBJC_IMPLICIT_RETAIN_SELF = YES;
				CLANG_WARN_OBJC_LITERAL_CONVERSION = YES;
				CLANG_WARN_OBJC_ROOT_CLASS = YES_ERROR;
				CLANG_WARN_RANGE_LOOP_ANALYSIS = YES;
				CLANG_WARN_STRICT_PROTOTYPES = YES;
				CLANG_WARN_SUSPICIOUS_MOVE = YES;
				CLANG_WARN_UNGUARDED_AVAILABILITY = YES_AGGRESSIVE;
				CLANG_WARN_UNREACHABLE_CODE = YES;
				CLANG_WARN__DUPLICATE_METHOD_MATCH = YES;
				CODE_SIGN_IDENTITY = "iPhone Developer";
				COPY_PHASE_STRIP = NO;
				DEBUG_INFORMATION_FORMAT = dwarf;
				ENABLE_STRICT_OBJC_MSGSEND = YES;
				ENABLE_TESTABILITY = YES;
				GCC_C_LANGUAGE_STANDARD = gnu11;
				GCC_DYNAMIC_NO_PIC = NO;
				GCC_NO_COMMON_BLOCKS = YES;
				GCC_OPTIMIZATION_LEVEL = 0;
				GCC_PREPROCESSOR_DEFINITIONS = (
					"DEBUG=1",
					"$(inherited)",
				);
				GCC_WARN_64_TO_32_BIT_CONVERSION = YES;
				GCC_WARN_ABOUT_RETURN_TYPE = YES_ERROR;
				GCC_WARN_UNDECLARED_SELECTOR = YES;
				GCC_WARN_UNINITIALIZED_AUTOS = YES_AGGRESSIVE;
				GCC_WARN_UNUSED_FUNCTION = YES;
				GCC_WARN_UNUSED_VARIABLE = YES;
				IPHONEOS_DEPLOYMENT_TARGET = 12.0;
				MTL_ENABLE_DEBUG_INFO = INCLUDE_SOURCE;
				MTL_FAST_MATH = YES;
				ONLY_ACTIVE_ARCH = YES;
				SDKROOT = iphoneos;
				SWIFT_ACTIVE_COMPILATION_CONDITIONS = DEBUG;
				SWIFT_OPTIMIZATION_LEVEL = "-Onone";
			};
			name = Debug;
		};
		D639A3382234F65300EBB1E6 /* Release */ = {
			isa = XCBuildConfiguration;
			buildSettings = {
				ALWAYS_SEARCH_USER_PATHS = NO;
				CLANG_ANALYZER_NONNULL = YES;
				CLANG_ANALYZER_NUMBER_OBJECT_CONVERSION = YES_AGGRESSIVE;
				CLANG_CXX_LANGUAGE_STANDARD = "gnu++14";
				CLANG_CXX_LIBRARY = "libc++";
				CLANG_ENABLE_MODULES = YES;
				CLANG_ENABLE_OBJC_ARC = YES;
				CLANG_ENABLE_OBJC_WEAK = YES;
				CLANG_WARN_BLOCK_CAPTURE_AUTORELEASING = YES;
				CLANG_WARN_BOOL_CONVERSION = YES;
				CLANG_WARN_COMMA = YES;
				CLANG_WARN_CONSTANT_CONVERSION = YES;
				CLANG_WARN_DEPRECATED_OBJC_IMPLEMENTATIONS = YES;
				CLANG_WARN_DIRECT_OBJC_ISA_USAGE = YES_ERROR;
				CLANG_WARN_DOCUMENTATION_COMMENTS = YES;
				CLANG_WARN_EMPTY_BODY = YES;
				CLANG_WARN_ENUM_CONVERSION = YES;
				CLANG_WARN_INFINITE_RECURSION = YES;
				CLANG_WARN_INT_CONVERSION = YES;
				CLANG_WARN_NON_LITERAL_NULL_CONVERSION = YES;
				CLANG_WARN_OBJC_IMPLICIT_RETAIN_SELF = YES;
				CLANG_WARN_OBJC_LITERAL_CONVERSION = YES;
				CLANG_WARN_OBJC_ROOT_CLASS = YES_ERROR;
				CLANG_WARN_RANGE_LOOP_ANALYSIS = YES;
				CLANG_WARN_STRICT_PROTOTYPES = YES;
				CLANG_WARN_SUSPICIOUS_MOVE = YES;
				CLANG_WARN_UNGUARDED_AVAILABILITY = YES_AGGRESSIVE;
				CLANG_WARN_UNREACHABLE_CODE = YES;
				CLANG_WARN__DUPLICATE_METHOD_MATCH = YES;
				CODE_SIGN_IDENTITY = "iPhone Developer";
				COPY_PHASE_STRIP = NO;
				DEBUG_INFORMATION_FORMAT = "dwarf-with-dsym";
				ENABLE_NS_ASSERTIONS = NO;
				ENABLE_STRICT_OBJC_MSGSEND = YES;
				GCC_C_LANGUAGE_STANDARD = gnu11;
				GCC_NO_COMMON_BLOCKS = YES;
				GCC_WARN_64_TO_32_BIT_CONVERSION = YES;
				GCC_WARN_ABOUT_RETURN_TYPE = YES_ERROR;
				GCC_WARN_UNDECLARED_SELECTOR = YES;
				GCC_WARN_UNINITIALIZED_AUTOS = YES_AGGRESSIVE;
				GCC_WARN_UNUSED_FUNCTION = YES;
				GCC_WARN_UNUSED_VARIABLE = YES;
				IPHONEOS_DEPLOYMENT_TARGET = 12.0;
				MTL_ENABLE_DEBUG_INFO = NO;
				MTL_FAST_MATH = YES;
				SDKROOT = iphoneos;
				SWIFT_COMPILATION_MODE = wholemodule;
				SWIFT_OPTIMIZATION_LEVEL = "-O";
				VALIDATE_PRODUCT = YES;
			};
			name = Release;
		};
		D639A33A2234F65300EBB1E6 /* Debug */ = {
			isa = XCBuildConfiguration;
			buildSettings = {
				ASSETCATALOG_COMPILER_APPICON_NAME = AppIcon;
				CODE_SIGN_STYLE = Automatic;
				DEVELOPMENT_TEAM = 5T5A6N5A76;
				INFOPLIST_FILE = Project8/Info.plist;
				LD_RUNPATH_SEARCH_PATHS = (
					"$(inherited)",
					"@executable_path/Frameworks",
				);
				PRODUCT_BUNDLE_IDENTIFIER = unal.Project8;
				PRODUCT_NAME = "$(TARGET_NAME)";
				SWIFT_VERSION = 4.2;
				TARGETED_DEVICE_FAMILY = 2;
			};
			name = Debug;
		};
		D639A33B2234F65300EBB1E6 /* Release */ = {
			isa = XCBuildConfiguration;
			buildSettings = {
				ASSETCATALOG_COMPILER_APPICON_NAME = AppIcon;
				CODE_SIGN_STYLE = Automatic;
				DEVELOPMENT_TEAM = 5T5A6N5A76;
				INFOPLIST_FILE = Project8/Info.plist;
				LD_RUNPATH_SEARCH_PATHS = (
					"$(inherited)",
					"@executable_path/Frameworks",
				);
				PRODUCT_BUNDLE_IDENTIFIER = unal.Project8;
				PRODUCT_NAME = "$(TARGET_NAME)";
				SWIFT_VERSION = 4.2;
				TARGETED_DEVICE_FAMILY = 2;
			};
			name = Release;
		};
		D639A33D2234F65300EBB1E6 /* Debug */ = {
			isa = XCBuildConfiguration;
			buildSettings = {
				ALWAYS_EMBED_SWIFT_STANDARD_LIBRARIES = YES;
				BUNDLE_LOADER = "$(TEST_HOST)";
				CODE_SIGN_STYLE = Automatic;
				DEVELOPMENT_TEAM = 5T5A6N5A76;
				INFOPLIST_FILE = Project8Tests/Info.plist;
				LD_RUNPATH_SEARCH_PATHS = (
					"$(inherited)",
					"@executable_path/Frameworks",
					"@loader_path/Frameworks",
				);
				PRODUCT_BUNDLE_IDENTIFIER = unal.Project8Tests;
				PRODUCT_NAME = "$(TARGET_NAME)";
				SWIFT_VERSION = 4.2;
				TARGETED_DEVICE_FAMILY = "1,2";
				TEST_HOST = "$(BUILT_PRODUCTS_DIR)/Project8.app/Project8";
			};
			name = Debug;
		};
		D639A33E2234F65300EBB1E6 /* Release */ = {
			isa = XCBuildConfiguration;
			buildSettings = {
				ALWAYS_EMBED_SWIFT_STANDARD_LIBRARIES = YES;
				BUNDLE_LOADER = "$(TEST_HOST)";
				CODE_SIGN_STYLE = Automatic;
				DEVELOPMENT_TEAM = 5T5A6N5A76;
				INFOPLIST_FILE = Project8Tests/Info.plist;
				LD_RUNPATH_SEARCH_PATHS = (
					"$(inherited)",
					"@executable_path/Frameworks",
					"@loader_path/Frameworks",
				);
				PRODUCT_BUNDLE_IDENTIFIER = unal.Project8Tests;
				PRODUCT_NAME = "$(TARGET_NAME)";
				SWIFT_VERSION = 4.2;
				TARGETED_DEVICE_FAMILY = "1,2";
				TEST_HOST = "$(BUILT_PRODUCTS_DIR)/Project8.app/Project8";
			};
			name = Release;
		};
/* End XCBuildConfiguration section */

/* Begin XCConfigurationList section */
		D639A3172234F65100EBB1E6 /* Build configuration list for PBXProject "Project8" */ = {
			isa = XCConfigurationList;
			buildConfigurations = (
				D639A3372234F65300EBB1E6 /* Debug */,
				D639A3382234F65300EBB1E6 /* Release */,
			);
			defaultConfigurationIsVisible = 0;
			defaultConfigurationName = Release;
		};
		D639A3392234F65300EBB1E6 /* Build configuration list for PBXNativeTarget "Project8" */ = {
			isa = XCConfigurationList;
			buildConfigurations = (
				D639A33A2234F65300EBB1E6 /* Debug */,
				D639A33B2234F65300EBB1E6 /* Release */,
			);
			defaultConfigurationIsVisible = 0;
			defaultConfigurationName = Release;
		};
		D639A33C2234F65300EBB1E6 /* Build configuration list for PBXNativeTarget "Project8Tests" */ = {
			isa = XCConfigurationList;
			buildConfigurations = (
				D639A33D2234F65300EBB1E6 /* Debug */,
				D639A33E2234F65300EBB1E6 /* Release */,
			);
			defaultConfigurationIsVisible = 0;
			defaultConfigurationName = Release;
		};
/* End XCConfigurationList section */
	};
	rootObject = D639A3142234F65100EBB1E6 /* Project object */;
}
