// !$*UTF8*$!
{
	archiveVersion = 1;
	classes = {
	};
	objectVersion = 50;
	objects = {

/* Begin PBXBuildFile section */
		D639A268222EBADD00EBB1E6 /* AppDelegate.swift in Sources */ = {isa = PBXBuildFile; fileRef = D639A267222EBADD00EBB1E6 /* AppDelegate.swift */; };
		D639A26A222EBADD00EBB1E6 /* ViewController.swift in Sources */ = {isa = PBXBuildFile; fileRef = D639A269222EBADD00EBB1E6 /* ViewController.swift */; };
		D639A26D222EBADD00EBB1E6 /* Main.storyboard in Resources */ = {isa = PBXBuildFile; fileRef = D639A26B222EBADD00EBB1E6 /* Main.storyboard */; };
		D639A26F222EBADF00EBB1E6 /* Assets.xcassets in Resources */ = {isa = PBXBuildFile; fileRef = D639A26E222EBADF00EBB1E6 /* Assets.xcassets */; };
		D639A272222EBADF00EBB1E6 /* LaunchScreen.storyboard in Resources */ = {isa = PBXBuildFile; fileRef = D639A270222EBADF00EBB1E6 /* LaunchScreen.storyboard */; };
		D639A27D222EBADF00EBB1E6 /* WordScrambleTests.swift in Sources */ = {isa = PBXBuildFile; fileRef = D639A27C222EBADF00EBB1E6 /* WordScrambleTests.swift */; };
		D639A288222EBCCF00EBB1E6 /* start.txt in Resources */ = {isa = PBXBuildFile; fileRef = D639A287222EBCCF00EBB1E6 /* start.txt */; };
/* End PBXBuildFile section */

/* Begin PBXContainerItemProxy section */
		D639A279222EBADF00EBB1E6 /* PBXContainerItemProxy */ = {
			isa = PBXContainerItemProxy;
			containerPortal = D639A25C222EBADD00EBB1E6 /* Project object */;
			proxyType = 1;
			remoteGlobalIDString = D639A263222EBADD00EBB1E6;
			remoteInfo = WordScramble;
		};
/* End PBXContainerItemProxy section */

/* Begin PBXFileReference section */
		D639A264222EBADD00EBB1E6 /* WordScramble.app */ = {isa = PBXFileReference; explicitFileType = wrapper.application; includeInIndex = 0; path = WordScramble.app; sourceTree = BUILT_PRODUCTS_DIR; };
		D639A267222EBADD00EBB1E6 /* AppDelegate.swift */ = {isa = PBXFileReference; lastKnownFileType = sourcecode.swift; path = AppDelegate.swift; sourceTree = "<group>"; };
		D639A269222EBADD00EBB1E6 /* ViewController.swift */ = {isa = PBXFileReference; lastKnownFileType = sourcecode.swift; path = ViewController.swift; sourceTree = "<group>"; };
		D639A26C222EBADD00EBB1E6 /* Base */ = {isa = PBXFileReference; lastKnownFileType = file.storyboard; name = Base; path = Base.lproj/Main.storyboard; sourceTree = "<group>"; };
		D639A26E222EBADF00EBB1E6 /* Assets.xcassets */ = {isa = PBXFileReference; lastKnownFileType = folder.assetcatalog; path = Assets.xcassets; sourceTree = "<group>"; };
		D639A271222EBADF00EBB1E6 /* Base */ = {isa = PBXFileReference; lastKnownFileType = file.storyboard; name = Base; path = Base.lproj/LaunchScreen.storyboard; sourceTree = "<group>"; };
		D639A273222EBADF00EBB1E6 /* Info.plist */ = {isa = PBXFileReference; lastKnownFileType = text.plist.xml; path = Info.plist; sourceTree = "<group>"; };
		D639A278222EBADF00EBB1E6 /* WordScrambleTests.xctest */ = {isa = PBXFileReference; explicitFileType = wrapper.cfbundle; includeInIndex = 0; path = WordScrambleTests.xctest; sourceTree = BUILT_PRODUCTS_DIR; };
		D639A27C222EBADF00EBB1E6 /* WordScrambleTests.swift */ = {isa = PBXFileReference; lastKnownFileType = sourcecode.swift; path = WordScrambleTests.swift; sourceTree = "<group>"; };
		D639A27E222EBADF00EBB1E6 /* Info.plist */ = {isa = PBXFileReference; lastKnownFileType = text.plist.xml; path = Info.plist; sourceTree = "<group>"; };
		D639A287222EBCCF00EBB1E6 /* start.txt */ = {isa = PBXFileReference; fileEncoding = 4; lastKnownFileType = text; path = start.txt; sourceTree = "<group>"; };
/* End PBXFileReference section */

/* Begin PBXFrameworksBuildPhase section */
		D639A261222EBADD00EBB1E6 /* Frameworks */ = {
			isa = PBXFrameworksBuildPhase;
			buildActionMask = 2147483647;
			files = (
			);
			runOnlyForDeploymentPostprocessing = 0;
		};
		D639A275222EBADF00EBB1E6 /* Frameworks */ = {
			isa = PBXFrameworksBuildPhase;
			buildActionMask = 2147483647;
			files = (
			);
			runOnlyForDeploymentPostprocessing = 0;
		};
/* End PBXFrameworksBuildPhase section */

/* Begin PBXGroup section */
		D639A25B222EBADD00EBB1E6 = {
			isa = PBXGroup;
			children = (
				D639A266222EBADD00EBB1E6 /* WordScramble */,
				D639A27B222EBADF00EBB1E6 /* WordScrambleTests */,
				D639A265222EBADD00EBB1E6 /* Products */,
			);
			sourceTree = "<group>";
		};
		D639A265222EBADD00EBB1E6 /* Products */ = {
			isa = PBXGroup;
			children = (
				D639A264222EBADD00EBB1E6 /* WordScramble.app */,
				D639A278222EBADF00EBB1E6 /* WordScrambleTests.xctest */,
			);
			name = Products;
			sourceTree = "<group>";
		};
		D639A266222EBADD00EBB1E6 /* WordScramble */ = {
			isa = PBXGroup;
			children = (
				D639A287222EBCCF00EBB1E6 /* start.txt */,
				D639A267222EBADD00EBB1E6 /* AppDelegate.swift */,
				D639A269222EBADD00EBB1E6 /* ViewController.swift */,
				D639A26B222EBADD00EBB1E6 /* Main.storyboard */,
				D639A26E222EBADF00EBB1E6 /* Assets.xcassets */,
				D639A270222EBADF00EBB1E6 /* LaunchScreen.storyboard */,
				D639A273222EBADF00EBB1E6 /* Info.plist */,
			);
			path = WordScramble;
			sourceTree = "<group>";
		};
		D639A27B222EBADF00EBB1E6 /* WordScrambleTests */ = {
			isa = PBXGroup;
			children = (
				D639A27C222EBADF00EBB1E6 /* WordScrambleTests.swift */,
				D639A27E222EBADF00EBB1E6 /* Info.plist */,
			);
			path = WordScrambleTests;
			sourceTree = "<group>";
		};
/* End PBXGroup section */

/* Begin PBXNativeTarget section */
		D639A263222EBADD00EBB1E6 /* WordScramble */ = {
			isa = PBXNativeTarget;
			buildConfigurationList = D639A281222EBADF00EBB1E6 /* Build configuration list for PBXNativeTarget "WordScramble" */;
			buildPhases = (
				D639A260222EBADD00EBB1E6 /* Sources */,
				D639A261222EBADD00EBB1E6 /* Frameworks */,
				D639A262222EBADD00EBB1E6 /* Resources */,
			);
			buildRules = (
			);
			dependencies = (
			);
			name = WordScramble;
			productName = WordScramble;
			productReference = D639A264222EBADD00EBB1E6 /* WordScramble.app */;
			productType = "com.apple.product-type.application";
		};
		D639A277222EBADF00EBB1E6 /* WordScrambleTests */ = {
			isa = PBXNativeTarget;
			buildConfigurationList = D639A284222EBADF00EBB1E6 /* Build configuration list for PBXNativeTarget "WordScrambleTests" */;
			buildPhases = (
				D639A274222EBADF00EBB1E6 /* Sources */,
				D639A275222EBADF00EBB1E6 /* Frameworks */,
				D639A276222EBADF00EBB1E6 /* Resources */,
			);
			buildRules = (
			);
			dependencies = (
				D639A27A222EBADF00EBB1E6 /* PBXTargetDependency */,
			);
			name = WordScrambleTests;
			productName = WordScrambleTests;
			productReference = D639A278222EBADF00EBB1E6 /* WordScrambleTests.xctest */;
			productType = "com.apple.product-type.bundle.unit-test";
		};
/* End PBXNativeTarget section */

/* Begin PBXProject section */
		D639A25C222EBADD00EBB1E6 /* Project object */ = {
			isa = PBXProject;
			attributes = {
				LastSwiftUpdateCheck = 1000;
				LastUpgradeCheck = 1000;
				ORGANIZATIONNAME = "Ünal Öztürk";
				TargetAttributes = {
					D639A263222EBADD00EBB1E6 = {
						CreatedOnToolsVersion = 10.0;
					};
					D639A277222EBADF00EBB1E6 = {
						CreatedOnToolsVersion = 10.0;
						TestTargetID = D639A263222EBADD00EBB1E6;
					};
				};
			};
			buildConfigurationList = D639A25F222EBADD00EBB1E6 /* Build configuration list for PBXProject "WordScramble" */;
			compatibilityVersion = "Xcode 9.3";
			developmentRegion = en;
			hasScannedForEncodings = 0;
			knownRegions = (
				en,
				Base,
			);
			mainGroup = D639A25B222EBADD00EBB1E6;
			productRefGroup = D639A265222EBADD00EBB1E6 /* Products */;
			projectDirPath = "";
			projectRoot = "";
			targets = (
				D639A263222EBADD00EBB1E6 /* WordScramble */,
				D639A277222EBADF00EBB1E6 /* WordScrambleTests */,
			);
		};
/* End PBXProject section */

/* Begin PBXResourcesBuildPhase section */
		D639A262222EBADD00EBB1E6 /* Resources */ = {
			isa = PBXResourcesBuildPhase;
			buildActionMask = 2147483647;
			files = (
				D639A272222EBADF00EBB1E6 /* LaunchScreen.storyboard in Resources */,
				D639A288222EBCCF00EBB1E6 /* start.txt in Resources */,
				D639A26F222EBADF00EBB1E6 /* Assets.xcassets in Resources */,
				D639A26D222EBADD00EBB1E6 /* Main.storyboard in Resources */,
			);
			runOnlyForDeploymentPostprocessing = 0;
		};
		D639A276222EBADF00EBB1E6 /* Resources */ = {
			isa = PBXResourcesBuildPhase;
			buildActionMask = 2147483647;
			files = (
			);
			runOnlyForDeploymentPostprocessing = 0;
		};
/* End PBXResourcesBuildPhase section */

/* Begin PBXSourcesBuildPhase section */
		D639A260222EBADD00EBB1E6 /* Sources */ = {
			isa = PBXSourcesBuildPhase;
			buildActionMask = 2147483647;
			files = (
				D639A26A222EBADD00EBB1E6 /* ViewController.swift in Sources */,
				D639A268222EBADD00EBB1E6 /* AppDelegate.swift in Sources */,
			);
			runOnlyForDeploymentPostprocessing = 0;
		};
		D639A274222EBADF00EBB1E6 /* Sources */ = {
			isa = PBXSourcesBuildPhase;
			buildActionMask = 2147483647;
			files = (
				D639A27D222EBADF00EBB1E6 /* WordScrambleTests.swift in Sources */,
			);
			runOnlyForDeploymentPostprocessing = 0;
		};
/* End PBXSourcesBuildPhase section */

/* Begin PBXTargetDependency section */
		D639A27A222EBADF00EBB1E6 /* PBXTargetDependency */ = {
			isa = PBXTargetDependency;
			target = D639A263222EBADD00EBB1E6 /* WordScramble */;
			targetProxy = D639A279222EBADF00EBB1E6 /* PBXContainerItemProxy */;
		};
/* End PBXTargetDependency section */

/* Begin PBXVariantGroup section */
		D639A26B222EBADD00EBB1E6 /* Main.storyboard */ = {
			isa = PBXVariantGroup;
			children = (
				D639A26C222EBADD00EBB1E6 /* Base */,
			);
			name = Main.storyboard;
			sourceTree = "<group>";
		};
		D639A270222EBADF00EBB1E6 /* LaunchScreen.storyboard */ = {
			isa = PBXVariantGroup;
			children = (
				D639A271222EBADF00EBB1E6 /* Base */,
			);
			name = LaunchScreen.storyboard;
			sourceTree = "<group>";
		};
/* End PBXVariantGroup section */

/* Begin XCBuildConfiguration section */
		D639A27F222EBADF00EBB1E6 /* Debug */ = {
			isa = XCBuildConfiguration;
			buildSettings = {
				ALWAYS_SEARCH_USER_PATHS = NO;
				CLANG_ANALYZER_NONNULL = YES;
				CLANG_ANALYZER_NUMBER_OBJECT_CONVERSION = YES_AGGRESSIVE;
				CLANG_CXX_LANGUAGE_STANDARD = "gnu++14";
				CLANG_CXX_LIBRARY = "libc++";
				CLANG_ENABLE_MODULES = YES;
				CLANG_ENABLE_OBJC_ARC = YES;
				CLANG_ENABLE_OBJC_WEAK = YES;
				CLANG_WARN_BLOCK_CAPTURE_AUTORELEASING = YES;
				CLANG_WARN_BOOL_CONVERSION = YES;
				CLANG_WARN_COMMA = YES;
				CLANG_WARN_CONSTANT_CONVERSION = YES;
				CLANG_WARN_DEPRECATED_OBJC_IMPLEMENTATIONS = YES;
				CLANG_WARN_DIRECT_OBJC_ISA_USAGE = YES_ERROR;
				CLANG_WARN_DOCUMENTATION_COMMENTS = YES;
				CLANG_WARN_EMPTY_BODY = YES;
				CLANG_WARN_ENUM_CONVERSION = YES;
				CLANG_WARN_INFINITE_RECURSION = YES;
				CLANG_WARN_INT_CONVERSION = YES;
				CLANG_WARN_NON_LITERAL_NULL_CONVERSION = YES;
				CLANG_WARN_OBJC_IMPLICIT_RETAIN_SELF = YES;
				CLANG_WARN_OBJC_LITERAL_CONVERSION = YES;
				CLANG_WARN_OBJC_ROOT_CLASS = YES_ERROR;
				CLANG_WARN_RANGE_LOOP_ANALYSIS = YES;
				CLANG_WARN_STRICT_PROTOTYPES = YES;
				CLANG_WARN_SUSPICIOUS_MOVE = YES;
				CLANG_WARN_UNGUARDED_AVAILABILITY = YES_AGGRESSIVE;
				CLANG_WARN_UNREACHABLE_CODE = YES;
				CLANG_WARN__DUPLICATE_METHOD_MATCH = YES;
				CODE_SIGN_IDENTITY = "iPhone Developer";
				COPY_PHASE_STRIP = NO;
				DEBUG_INFORMATION_FORMAT = dwarf;
				ENABLE_STRICT_OBJC_MSGSEND = YES;
				ENABLE_TESTABILITY = YES;
				GCC_C_LANGUAGE_STANDARD = gnu11;
				GCC_DYNAMIC_NO_PIC = NO;
				GCC_NO_COMMON_BLOCKS = YES;
				GCC_OPTIMIZATION_LEVEL = 0;
				GCC_PREPROCESSOR_DEFINITIONS = (
					"DEBUG=1",
					"$(inherited)",
				);
				GCC_WARN_64_TO_32_BIT_CONVERSION = YES;
				GCC_WARN_ABOUT_RETURN_TYPE = YES_ERROR;
				GCC_WARN_UNDECLARED_SELECTOR = YES;
				GCC_WARN_UNINITIALIZED_AUTOS = YES_AGGRESSIVE;
				GCC_WARN_UNUSED_FUNCTION = YES;
				GCC_WARN_UNUSED_VARIABLE = YES;
				IPHONEOS_DEPLOYMENT_TARGET = 12.0;
				MTL_ENABLE_DEBUG_INFO = INCLUDE_SOURCE;
				MTL_FAST_MATH = YES;
				ONLY_ACTIVE_ARCH = YES;
				SDKROOT = iphoneos;
				SWIFT_ACTIVE_COMPILATION_CONDITIONS = DEBUG;
				SWIFT_OPTIMIZATION_LEVEL = "-Onone";
			};
			name = Debug;
		};
		D639A280222EBADF00EBB1E6 /* Release */ = {
			isa = XCBuildConfiguration;
			buildSettings = {
				ALWAYS_SEARCH_USER_PATHS = NO;
				CLANG_ANALYZER_NONNULL = YES;
				CLANG_ANALYZER_NUMBER_OBJECT_CONVERSION = YES_AGGRESSIVE;
				CLANG_CXX_LANGUAGE_STANDARD = "gnu++14";
				CLANG_CXX_LIBRARY = "libc++";
				CLANG_ENABLE_MODULES = YES;
				CLANG_ENABLE_OBJC_ARC = YES;
				CLANG_ENABLE_OBJC_WEAK = YES;
				CLANG_WARN_BLOCK_CAPTURE_AUTORELEASING = YES;
				CLANG_WARN_BOOL_CONVERSION = YES;
				CLANG_WARN_COMMA = YES;
				CLANG_WARN_CONSTANT_CONVERSION = YES;
				CLANG_WARN_DEPRECATED_OBJC_IMPLEMENTATIONS = YES;
				CLANG_WARN_DIRECT_OBJC_ISA_USAGE = YES_ERROR;
				CLANG_WARN_DOCUMENTATION_COMMENTS = YES;
				CLANG_WARN_EMPTY_BODY = YES;
				CLANG_WARN_ENUM_CONVERSION = YES;
				CLANG_WARN_INFINITE_RECURSION = YES;
				CLANG_WARN_INT_CONVERSION = YES;
				CLANG_WARN_NON_LITERAL_NULL_CONVERSION = YES;
				CLANG_WARN_OBJC_IMPLICIT_RETAIN_SELF = YES;
				CLANG_WARN_OBJC_LITERAL_CONVERSION = YES;
				CLANG_WARN_OBJC_ROOT_CLASS = YES_ERROR;
				CLANG_WARN_RANGE_LOOP_ANALYSIS = YES;
				CLANG_WARN_STRICT_PROTOTYPES = YES;
				CLANG_WARN_SUSPICIOUS_MOVE = YES;
				CLANG_WARN_UNGUARDED_AVAILABILITY = YES_AGGRESSIVE;
				CLANG_WARN_UNREACHABLE_CODE = YES;
				CLANG_WARN__DUPLICATE_METHOD_MATCH = YES;
				CODE_SIGN_IDENTITY = "iPhone Developer";
				COPY_PHASE_STRIP = NO;
				DEBUG_INFORMATION_FORMAT = "dwarf-with-dsym";
				ENABLE_NS_ASSERTIONS = NO;
				ENABLE_STRICT_OBJC_MSGSEND = YES;
				GCC_C_LANGUAGE_STANDARD = gnu11;
				GCC_NO_COMMON_BLOCKS = YES;
				GCC_WARN_64_TO_32_BIT_CONVERSION = YES;
				GCC_WARN_ABOUT_RETURN_TYPE = YES_ERROR;
				GCC_WARN_UNDECLARED_SELECTOR = YES;
				GCC_WARN_UNINITIALIZED_AUTOS = YES_AGGRESSIVE;
				GCC_WARN_UNUSED_FUNCTION = YES;
				GCC_WARN_UNUSED_VARIABLE = YES;
				IPHONEOS_DEPLOYMENT_TARGET = 12.0;
				MTL_ENABLE_DEBUG_INFO = NO;
				MTL_FAST_MATH = YES;
				SDKROOT = iphoneos;
				SWIFT_COMPILATION_MODE = wholemodule;
				SWIFT_OPTIMIZATION_LEVEL = "-O";
				VALIDATE_PRODUCT = YES;
			};
			name = Release;
		};
		D639A282222EBADF00EBB1E6 /* Debug */ = {
			isa = XCBuildConfiguration;
			buildSettings = {
				ASSETCATALOG_COMPILER_APPICON_NAME = AppIcon;
				CODE_SIGN_STYLE = Automatic;
				DEVELOPMENT_TEAM = 5T5A6N5A76;
				INFOPLIST_FILE = WordScramble/Info.plist;
				LD_RUNPATH_SEARCH_PATHS = (
					"$(inherited)",
					"@executable_path/Frameworks",
				);
				PRODUCT_BUNDLE_IDENTIFIER = unal.WordScramble;
				PRODUCT_NAME = "$(TARGET_NAME)";
				SWIFT_VERSION = 4.2;
				TARGETED_DEVICE_FAMILY = "1,2";
			};
			name = Debug;
		};
		D639A283222EBADF00EBB1E6 /* Release */ = {
			isa = XCBuildConfiguration;
			buildSettings = {
				ASSETCATALOG_COMPILER_APPICON_NAME = AppIcon;
				CODE_SIGN_STYLE = Automatic;
				DEVELOPMENT_TEAM = 5T5A6N5A76;
				INFOPLIST_FILE = WordScramble/Info.plist;
				LD_RUNPATH_SEARCH_PATHS = (
					"$(inherited)",
					"@executable_path/Frameworks",
				);
				PRODUCT_BUNDLE_IDENTIFIER = unal.WordScramble;
				PRODUCT_NAME = "$(TARGET_NAME)";
				SWIFT_VERSION = 4.2;
				TARGETED_DEVICE_FAMILY = "1,2";
			};
			name = Release;
		};
		D639A285222EBADF00EBB1E6 /* Debug */ = {
			isa = XCBuildConfiguration;
			buildSettings = {
				ALWAYS_EMBED_SWIFT_STANDARD_LIBRARIES = YES;
				BUNDLE_LOADER = "$(TEST_HOST)";
				CODE_SIGN_STYLE = Automatic;
				DEVELOPMENT_TEAM = 5T5A6N5A76;
				INFOPLIST_FILE = WordScrambleTests/Info.plist;
				LD_RUNPATH_SEARCH_PATHS = (
					"$(inherited)",
					"@executable_path/Frameworks",
					"@loader_path/Frameworks",
				);
				PRODUCT_BUNDLE_IDENTIFIER = unal.WordScrambleTests;
				PRODUCT_NAME = "$(TARGET_NAME)";
				SWIFT_VERSION = 4.2;
				TARGETED_DEVICE_FAMILY = "1,2";
				TEST_HOST = "$(BUILT_PRODUCTS_DIR)/WordScramble.app/WordScramble";
			};
			name = Debug;
		};
		D639A286222EBADF00EBB1E6 /* Release */ = {
			isa = XCBuildConfiguration;
			buildSettings = {
				ALWAYS_EMBED_SWIFT_STANDARD_LIBRARIES = YES;
				BUNDLE_LOADER = "$(TEST_HOST)";
				CODE_SIGN_STYLE = Automatic;
				DEVELOPMENT_TEAM = 5T5A6N5A76;
				INFOPLIST_FILE = WordScrambleTests/Info.plist;
				LD_RUNPATH_SEARCH_PATHS = (
					"$(inherited)",
					"@executable_path/Frameworks",
					"@loader_path/Frameworks",
				);
				PRODUCT_BUNDLE_IDENTIFIER = unal.WordScrambleTests;
				PRODUCT_NAME = "$(TARGET_NAME)";
				SWIFT_VERSION = 4.2;
				TARGETED_DEVICE_FAMILY = "1,2";
				TEST_HOST = "$(BUILT_PRODUCTS_DIR)/WordScramble.app/WordScramble";
			};
			name = Release;
		};
/* End XCBuildConfiguration section */

/* Begin XCConfigurationList section */
		D639A25F222EBADD00EBB1E6 /* Build configuration list for PBXProject "WordScramble" */ = {
			isa = XCConfigurationList;
			buildConfigurations = (
				D639A27F222EBADF00EBB1E6 /* Debug */,
				D639A280222EBADF00EBB1E6 /* Release */,
			);
			defaultConfigurationIsVisible = 0;
			defaultConfigurationName = Release;
		};
		D639A281222EBADF00EBB1E6 /* Build configuration list for PBXNativeTarget "WordScramble" */ = {
			isa = XCConfigurationList;
			buildConfigurations = (
				D639A282222EBADF00EBB1E6 /* Debug */,
				D639A283222EBADF00EBB1E6 /* Release */,
			);
			defaultConfigurationIsVisible = 0;
			defaultConfigurationName = Release;
		};
		D639A284222EBADF00EBB1E6 /* Build configuration list for PBXNativeTarget "WordScrambleTests" */ = {
			isa = XCConfigurationList;
			buildConfigurations = (
				D639A285222EBADF00EBB1E6 /* Debug */,
				D639A286222EBADF00EBB1E6 /* Release */,
			);
			defaultConfigurationIsVisible = 0;
			defaultConfigurationName = Release;
		};
/* End XCConfigurationList section */
	};
	rootObject = D639A25C222EBADD00EBB1E6 /* Project object */;
}
